
Microsoft Visual Studio Solution File, Format Version 12.00
# Visual Studio Version 17
VisualStudioVersion = 17.13.35919.96
MinimumVisualStudioVersion = 10.0.40219.1
Project("{FAE04EC0-301F-11D3-BF4B-00C04F79EFBC}") = "Lab1", "Lab1\Lab1.csproj", "{D1AF8B1D-C968-41B4-A1CF-507869FCB846}"
EndProject
Project("{FAE04EC0-301F-11D3-BF4B-00C04F79EFBC}") = "TestLab3", "TestLab3\TestLab3.csproj", "{305D3556-6EAA-40A0-832A-7DFDA8D28027}"
EndProject
Global
	GlobalSection(SolutionConfigurationPlatforms) = preSolution
		Debug|Any CPU = Debug|Any CPU
		Release|Any CPU = Release|Any CPU
	EndGlobalSection
	GlobalSection(ProjectConfigurationPlatforms) = postSolution
		{D1AF8B1D-C968-41B4-A1CF-507869FCB846}.Debug|Any CPU.ActiveCfg = Debug|Any CPU
		{D1AF8B1D-C968-41B4-A1CF-507869FCB846}.Debug|Any CPU.Build.0 = Debug|Any CPU
		{D1AF8B1D-C968-41B4-A1CF-507869FCB846}.Release|Any CPU.ActiveCfg = Release|Any CPU
		{D1AF8B1D-C968-41B4-A1CF-507869FCB846}.Release|Any CPU.Build.0 = Release|Any CPU
		{305D3556-6EAA-40A0-832A-7DFDA8D28027}.Debug|Any CPU.ActiveCfg = Debug|Any CPU
		{305D3556-6EAA-40A0-832A-7DFDA8D28027}.Debug|Any CPU.Build.0 = Debug|Any CPU
		{305D3556-6EAA-40A0-832A-7DFDA8D28027}.Release|Any CPU.ActiveCfg = Release|Any CPU
		{305D3556-6EAA-40A0-832A-7DFDA8D28027}.Release|Any CPU.Build.0 = Release|Any CPU
	EndGlobalSection
	GlobalSection(SolutionProperties) = preSolution
		HideSolutionNode = FALSE
	EndGlobalSection
	GlobalSection(ExtensibilityGlobals) = postSolution
		SolutionGuid = {D08BF9D0-9D43-4977-A77F-A9573A9B0890}
	EndGlobalSection
EndGlobal
